{
  "name": "polyfront-scaffold",
  "version": "0.0.11",
  "lockfileVersion": 3,
  "requires": true,
  "packages": {
    "": {
      "name": "polyfront-scaffold",
      "version": "0.0.11",
      "license": "MIT",
      "bin": {
        "polyfront-scaffold": "bin/index.js"
      },
      "devDependencies": {},
      "engines": {
        "node": ">=20.19"
      }
    }
  }
}
